
Microsoft Visual Studio Solution File, Format Version 12.00
# Visual Studio Version 16
VisualStudioVersion = 16.0.30804.86
MinimumVisualStudioVersion = 10.0.40219.1
Project("{FAE04EC0-301F-11D3-BF4B-00C04F79EFBC}") = "BeatMaker", "BeatMaker.csproj", "{83C815CB-9D6E-4184-A6A6-8ABCAB21F69D}"
EndProject
Global
	GlobalSection(SolutionConfigurationPlatforms) = preSolution
		Debug|Any CPU = Debug|Any CPU
		Release|Any CPU = Release|Any CPU
	EndGlobalSection
	GlobalSection(ProjectConfigurationPlatforms) = postSolution
		{83C815CB-9D6E-4184-A6A6-8ABCAB21F69D}.Debug|Any CPU.ActiveCfg = Debug|Any CPU
		{83C815CB-9D6E-4184-A6A6-8ABCAB21F69D}.Debug|Any CPU.Build.0 = Debug|Any CPU
		{83C815CB-9D6E-4184-A6A6-8ABCAB21F69D}.Release|Any CPU.ActiveCfg = Release|Any CPU
		{83C815CB-9D6E-4184-A6A6-8ABCAB21F69D}.Release|Any CPU.Build.0 = Release|Any CPU
	EndGlobalSection
	GlobalSection(SolutionProperties) = preSolution
		HideSolutionNode = FALSE
	EndGlobalSection
	GlobalSection(ExtensibilityGlobals) = postSolution
		SolutionGuid = {6ADB6A37-DA3B-4C01-B92A-BCADAF94FF12}
	EndGlobalSection
EndGlobal
